
Microsoft Visual Studio Solution File, Format Version 12.00
# Visual Studio Version 16
VisualStudioVersion = 16.0.31424.327
MinimumVisualStudioVersion = 10.0.40219.1
Project("{FAE04EC0-301F-11D3-BF4B-00C04F79EFBC}") = "PayApi", "PayApi\PayApi.csproj", "{F759711C-9854-40EA-95B4-807ECFF3F776}"
EndProject
Global
	GlobalSection(SolutionConfigurationPlatforms) = preSolution
		Debug|Any CPU = Debug|Any CPU
		Release|Any CPU = Release|Any CPU
	EndGlobalSection
	GlobalSection(ProjectConfigurationPlatforms) = postSolution
		{F759711C-9854-40EA-95B4-807ECFF3F776}.Debug|Any CPU.ActiveCfg = Debug|Any CPU
		{F759711C-9854-40EA-95B4-807ECFF3F776}.Debug|Any CPU.Build.0 = Debug|Any CPU
		{F759711C-9854-40EA-95B4-807ECFF3F776}.Release|Any CPU.ActiveCfg = Release|Any CPU
		{F759711C-9854-40EA-95B4-807ECFF3F776}.Release|Any CPU.Build.0 = Release|Any CPU
	EndGlobalSection
	GlobalSection(SolutionProperties) = preSolution
		HideSolutionNode = FALSE
	EndGlobalSection
	GlobalSection(ExtensibilityGlobals) = postSolution
		SolutionGuid = {49CB0B9F-5E2B-4659-8499-B0F583F96C62}
	EndGlobalSection
EndGlobal
